{
  "name": "claudemonkey-threejs-sidebar-sidecar",
  "version": "0.1.0",
  "lockfileVersion": 3,
  "requires": true,
  "packages": {
    "": {
      "name": "claudemonkey-threejs-sidebar-sidecar",
      "version": "0.1.0",
      "dependencies": {
        "three": "^0.185.1",
        "three-software-renderer": "^1.2.0",
        "webgpu": "^0.4.0"
      },
      "bin": {
        "claudemonkey-threejs-sidebar": "run-sidecar.js"
      }
    },
    "node_modules/@webgpu/types": {
      "version": "0.1.71",
      "resolved": "https://registry.npmjs.org/@webgpu/types/-/types-0.1.71.tgz",
      "integrity": "sha512-mMy8/ODcKhab808co15eW+yN+HgXoQxRQHTiBV9Mrvl1r0ufnid7YOcI+gi4eUWSWl9ezD6TW2KXccrL8HCh2A==",
      "license": "BSD-3-Clause"
    },
    "node_modules/debug": {
      "version": "4.4.3",
      "resolved": "https://registry.npmjs.org/debug/-/debug-4.4.3.tgz",
      "integrity": "sha512-RGwwWnwQvkVfavKVt22FGLw+xYSdzARwm0ru6DhTVA3umU5hZc28V3kO4stgYryrTlLpuvgI9GiijltAjNbcqA==",
      "license": "MIT",
      "dependencies": {
        "ms": "^2.1.3"
      },
      "engines": {
        "node": ">=6.0"
      },
      "peerDependenciesMeta": {
        "supports-color": {
          "optional": true
        }
      }
    },
    "node_modules/ms": {
      "version": "2.1.3",
      "resolved": "https://registry.npmjs.org/ms/-/ms-2.1.3.tgz",
      "integrity": "sha512-6FlzubTLZG3J2a/NVCAleEhjzq5oxgHyaCU9yYXvcLsvoVaHJq/s5xXI6/XXP6tz7R9xAOtHnSO/tXtF3WRTlA==",
      "license": "MIT"
    },
    "node_modules/three": {
      "version": "0.185.1",
      "resolved": "https://registry.npmjs.org/three/-/three-0.185.1.tgz",
      "integrity": "sha512-5aojFCXKwnjBRZvUnt3WFfEcvUJgkN5LlijRFN95hMy8WVkG4I0QNcJE+OuWvuJ0bOdStrbfXn0pkd6/QyiAlg==",
      "license": "MIT"
    },
    "node_modules/three-software-renderer": {
      "version": "1.2.0",
      "resolved": "https://registry.npmjs.org/three-software-renderer/-/three-software-renderer-1.2.0.tgz",
      "integrity": "sha512-LONzHpmI2aN69TSFldDdQFP2cWBs2BtDqfzPbNEiNUryJvtJaWiVqMWfI73YST0VFKoaIu9DrdcEkD6JuxsKCA==",
      "license": "ISC",
      "dependencies": {
        "three": "^0.82.1"
      }
    },
    "node_modules/three-software-renderer/node_modules/three": {
      "version": "0.82.1",
      "resolved": "https://registry.npmjs.org/three/-/three-0.82.1.tgz",
      "integrity": "sha512-90A+47HKf6HhDzWwn2urTi/4rs+lppVCj5BR6YeTbyNnjDX3OrtR0g1aDorh/LW7HwRCUSh2UHTBFEAlH05XmA==",
      "license": "MIT"
    },
    "node_modules/webgpu": {
      "version": "0.4.0",
      "resolved": "https://registry.npmjs.org/webgpu/-/webgpu-0.4.0.tgz",
      "integrity": "sha512-F5pimn3Aoi0zWjuRdiVs5TnrUwSzD2lESBohsIUsqyitWkGRQlXU2fhV6ycXlQTa1bvAf3sjqiUpBEpmSQ5ptA==",
      "hasInstallScript": true,
      "license": "MIT",
      "dependencies": {
        "@webgpu/types": "^0.1.69",
        "debug": "^4.4.0"
      }
    }
  }
}
